{
  "version": 4,
  "terraform_version": "1.2.9",
  "serial": 106,
  "lineage": "a180b31a-d857-4c56-f65f-8b935541d9f6",
  "outputs": {},
  "resources": [
    {
      "mode": "data",
      "type": "digitalocean_ssh_key",
      "name": "easykeys",
      "provider": "provider[\"registry.terraform.io/digitalocean/digitalocean\"]",
      "instances": [
        {
          "schema_version": 0,
          "attributes": {
            "fingerprint": "36:e8:29:d1:5f:f1:f8:99:0c:49:42:f8:bb:e6:ea:a1",
            "id": 36271152,
            "name": "easykeys",
            "public_key": "ssh-rsa AAAAB3NzaC1yc2EAAAADAQABAAABgQDd1Wji6n7Er6gfuwpWpQ3Z2UfJtxij+TqlKwAzY1pq2DPH1m3r+ZaPVczHIkjKHXjC9wtmfVcI+YdBDtEBRKXgyyCHHnT/TwRJnXVZmx68DFLDAu5rmS6Q829jEuR0II9E+phIpHYJUrVvjQN1/E1X5AX9nkhdSjRiejcjoURbyAkwaNuanBWmAMzEGzADTUh2LkVK3F+lIsxcZPDSs4XS9vdPj6fgX73MTvcUmJpCW2N8MNGlOkzE1Xr1ThebKDnmfWJy9MCVs6z37BSof4a1rMJnWbsevJnGHvENuoI0lQRaQODbwmw57k5gNdQ9nbEGesOFgDxwpoN5F32deE4n0tlG/tj5VJgJrvuik8AaEijhbjtfWFSdyM8ZIxupmNN0BCDzDM4GCw4J5cc5s3PPzE7zr65UOOYGLK/5NZuJvkqkXo/rH42Za+oEVA6Dxue0ItWCcUxt/8ZS7LwYE2gPzH2xngPyuO5EEsxmlVL/hdk030f5OhE0nBpaORRvziM= edubest@edubest-Vostro-5468\n"
          },
          "sensitive_attributes": []
        }
      ]
    },
    {
      "mode": "managed",
      "type": "digitalocean_droplet",
      "name": "web5",
      "provider": "provider[\"registry.terraform.io/digitalocean/digitalocean\"]",
      "instances": [
        {
          "schema_version": 1,
          "attributes": {
            "backups": false,
            "created_at": "2022-10-03T11:58:33Z",
            "disk": 25,
            "droplet_agent": null,
            "graceful_shutdown": false,
            "id": "319346375",
            "image": "ubuntu-20-04-x64",
            "ipv4_address": "165.227.97.121",
            "ipv4_address_private": "10.108.0.2",
            "ipv6": false,
            "ipv6_address": "",
            "locked": false,
            "memory": 1024,
            "monitoring": false,
            "name": "Bastion",
            "price_hourly": 0.00893,
            "price_monthly": 6,
            "private_networking": true,
            "region": "nyc3",
            "resize_disk": true,
            "size": "s-1vcpu-1gb",
            "ssh_keys": [
              "36:e8:29:d1:5f:f1:f8:99:0c:49:42:f8:bb:e6:ea:a1"
            ],
            "status": "active",
            "tags": null,
            "timeouts": null,
            "urn": "do:droplet:319346375",
            "user_data": null,
            "vcpus": 1,
            "volume_ids": [],
            "vpc_uuid": "7c328924-56d0-4cd3-9394-fcec9e65c347"
          },
          "sensitive_attributes": [],
          "private": "eyJlMmJmYjczMC1lY2FhLTExZTYtOGY4OC0zNDM2M2JjN2M0YzAiOnsiY3JlYXRlIjozNjAwMDAwMDAwMDAwLCJkZWxldGUiOjYwMDAwMDAwMDAwLCJ1cGRhdGUiOjM2MDAwMDAwMDAwMDB9LCJzY2hlbWFfdmVyc2lvbiI6IjEifQ=="
        }
      ]
    },
    {
      "mode": "managed",
      "type": "digitalocean_firewall",
      "name": "web",
      "provider": "provider[\"registry.terraform.io/digitalocean/digitalocean\"]",
      "instances": [
        {
          "schema_version": 0,
          "attributes": {
            "created_at": "2022-09-24T07:59:49Z",
            "droplet_ids": [],
            "id": "0c5bb15f-577f-424e-8956-e329bf1cba1b",
            "inbound_rule": [
              {
                "port_range": "",
                "protocol": "icmp",
                "source_addresses": [
                  "0.0.0.0/0",
                  "::/0"
                ],
                "source_droplet_ids": [],
                "source_kubernetes_ids": [],
                "source_load_balancer_uids": [],
                "source_tags": []
              },
              {
                "port_range": "22",
                "protocol": "tcp",
                "source_addresses": [
                  "0.0.0.0/24",
                  "2002:1:2::/48"
                ],
                "source_droplet_ids": [],
                "source_kubernetes_ids": [],
                "source_load_balancer_uids": [],
                "source_tags": []
              },
              {
                "port_range": "443",
                "protocol": "tcp",
                "source_addresses": [
                  "0.0.0.0/0",
                  "::/0"
                ],
                "source_droplet_ids": [],
                "source_kubernetes_ids": [],
                "source_load_balancer_uids": [],
                "source_tags": []
              },
              {
                "port_range": "80",
                "protocol": "tcp",
                "source_addresses": [
                  "0.0.0.0/0",
                  "::/0"
                ],
                "source_droplet_ids": [],
                "source_kubernetes_ids": [],
                "source_load_balancer_uids": [],
                "source_tags": []
              }
            ],
            "name": "only-22-80-and-443",
            "outbound_rule": [
              {
                "destination_addresses": [
                  "0.0.0.0/0",
                  "::/0"
                ],
                "destination_droplet_ids": [],
                "destination_kubernetes_ids": [],
                "destination_load_balancer_uids": [],
                "destination_tags": [],
                "port_range": "",
                "protocol": "icmp"
              },
              {
                "destination_addresses": [
                  "0.0.0.0/0",
                  "::/0"
                ],
                "destination_droplet_ids": [],
                "destination_kubernetes_ids": [],
                "destination_load_balancer_uids": [],
                "destination_tags": [],
                "port_range": "53",
                "protocol": "tcp"
              },
              {
                "destination_addresses": [
                  "0.0.0.0/0",
                  "::/0"
                ],
                "destination_droplet_ids": [],
                "destination_kubernetes_ids": [],
                "destination_load_balancer_uids": [],
                "destination_tags": [],
                "port_range": "53",
                "protocol": "udp"
              }
            ],
            "pending_changes": [],
            "status": "succeeded",
            "tags": []
          },
          "sensitive_attributes": [],
          "private": "bnVsbA=="
        }
      ]
    }
  ]
}
